
Microsoft Visual Studio Solution File, Format Version 12.00
# Visual Studio Version 17
VisualStudioVersion = 17.14.36414.22 d17.14
MinimumVisualStudioVersion = 10.0.40219.1
Project("{FAE04EC0-301F-11D3-BF4B-00C04F79EFBC}") = "LineProject", "LineProject\LineProject.csproj", "{D71EFF9E-D175-4764-A356-B5D901CAEC61}"
EndProject
Global
	GlobalSection(SolutionConfigurationPlatforms) = preSolution
		Debug|Any CPU = Debug|Any CPU
		Release|Any CPU = Release|Any CPU
	EndGlobalSection
	GlobalSection(ProjectConfigurationPlatforms) = postSolution
		{D71EFF9E-D175-4764-A356-B5D901CAEC61}.Debug|Any CPU.ActiveCfg = Debug|Any CPU
		{D71EFF9E-D175-4764-A356-B5D901CAEC61}.Debug|Any CPU.Build.0 = Debug|Any CPU
		{D71EFF9E-D175-4764-A356-B5D901CAEC61}.Release|Any CPU.ActiveCfg = Release|Any CPU
		{D71EFF9E-D175-4764-A356-B5D901CAEC61}.Release|Any CPU.Build.0 = Release|Any CPU
	EndGlobalSection
	GlobalSection(SolutionProperties) = preSolution
		HideSolutionNode = FALSE
	EndGlobalSection
	GlobalSection(ExtensibilityGlobals) = postSolution
		SolutionGuid = {128FF1BB-35A4-4787-B50C-4D614B06E7A6}
	EndGlobalSection
EndGlobal
